
Microsoft Visual Studio Solution File, Format Version 12.00
# Visual Studio Version 17
VisualStudioVersion = 17.10.35013.160
MinimumVisualStudioVersion = 10.0.40219.1
Project("{2150E333-8FDC-42A3-9474-1A3956D46DE8}") = "Solution Items", "Solution Items", "{F3820849-606B-409A-9715-C4F282581B00}"
	ProjectSection(SolutionItems) = preProject
		HTMLPage1.html = HTMLPage1.html
		HTMLPage2.html = HTMLPage2.html
		index.html = index.html
		Style.css = Style.css
		Styles2.css = Styles2.css
	EndProjectSection
EndProject
Global
	GlobalSection(SolutionProperties) = preSolution
		HideSolutionNode = FALSE
	EndGlobalSection
	GlobalSection(ExtensibilityGlobals) = postSolution
		SolutionGuid = {53DF1113-2ACA-4472-8B34-841CC0EFF8E0}
	EndGlobalSection
EndGlobal
